
Microsoft Visual Studio Solution File, Format Version 12.00
# Visual Studio Version 17
VisualStudioVersion = 17.0.31903.59
MinimumVisualStudioVersion = 10.0.40219.1
Project("{FAE04EC0-301F-11D3-BF4B-00C04F79EFBC}") = "API", "API\API.csproj", "{3A28C116-26C8-43E4-8CD6-3F73F01A5768}"
EndProject
Project("{FAE04EC0-301F-11D3-BF4B-00C04F79EFBC}") = "Core", "Core\Core.csproj", "{E0A62282-DCB5-495A-B53C-69825460FF73}"
EndProject
Project("{FAE04EC0-301F-11D3-BF4B-00C04F79EFBC}") = "Infrastructure", "Infrastructure\Infrastructure.csproj", "{9C0B0240-D4E1-408E-B53A-F3B47A784C50}"
EndProject
Global
	GlobalSection(SolutionConfigurationPlatforms) = preSolution
		Debug|Any CPU = Debug|Any CPU
		Release|Any CPU = Release|Any CPU
	EndGlobalSection
	GlobalSection(SolutionProperties) = preSolution
		HideSolutionNode = FALSE
	EndGlobalSection
	GlobalSection(ProjectConfigurationPlatforms) = postSolution
		{3A28C116-26C8-43E4-8CD6-3F73F01A5768}.Debug|Any CPU.ActiveCfg = Debug|Any CPU
		{3A28C116-26C8-43E4-8CD6-3F73F01A5768}.Debug|Any CPU.Build.0 = Debug|Any CPU
		{3A28C116-26C8-43E4-8CD6-3F73F01A5768}.Release|Any CPU.ActiveCfg = Release|Any CPU
		{3A28C116-26C8-43E4-8CD6-3F73F01A5768}.Release|Any CPU.Build.0 = Release|Any CPU
		{E0A62282-DCB5-495A-B53C-69825460FF73}.Debug|Any CPU.ActiveCfg = Debug|Any CPU
		{E0A62282-DCB5-495A-B53C-69825460FF73}.Debug|Any CPU.Build.0 = Debug|Any CPU
		{E0A62282-DCB5-495A-B53C-69825460FF73}.Release|Any CPU.ActiveCfg = Release|Any CPU
		{E0A62282-DCB5-495A-B53C-69825460FF73}.Release|Any CPU.Build.0 = Release|Any CPU
		{9C0B0240-D4E1-408E-B53A-F3B47A784C50}.Debug|Any CPU.ActiveCfg = Debug|Any CPU
		{9C0B0240-D4E1-408E-B53A-F3B47A784C50}.Debug|Any CPU.Build.0 = Debug|Any CPU
		{9C0B0240-D4E1-408E-B53A-F3B47A784C50}.Release|Any CPU.ActiveCfg = Release|Any CPU
		{9C0B0240-D4E1-408E-B53A-F3B47A784C50}.Release|Any CPU.Build.0 = Release|Any CPU
	EndGlobalSection
EndGlobal
